// !$*UTF8*$!
{
	archiveVersion = 1;
	classes = {
	};
	objectVersion = 46;
	objects = {

/* Begin PBXBuildFile section */
		38272F49E00BDDB6ED7681B0 /* Pods_DuckDate_DuckDate_macOS.framework in Frameworks */ = {isa = PBXBuildFile; fileRef = 61A63CBB090293B5E6F3AB9B /* Pods_DuckDate_DuckDate_macOS.framework */; };
		4E6A414508743E8D30B1FDFB /* Pods_DuckDate_DuckDate_iOS.framework in Frameworks */ = {isa = PBXBuildFile; fileRef = AFAA494370CD658709A63AE9 /* Pods_DuckDate_DuckDate_iOS.framework */; };
		5D5172D6ADC039CDE6CE83D9 /* Pods_DuckDate_DuckDate_Tests.framework in Frameworks */ = {isa = PBXBuildFile; fileRef = 84BAAAFDB393CBFC9151DC84 /* Pods_DuckDate_DuckDate_Tests.framework */; };
		607FACEC1AFB9204008FA782 /* Tests.swift in Sources */ = {isa = PBXBuildFile; fileRef = 607FACEB1AFB9204008FA782 /* Tests.swift */; };
		B4C8C9471D8813AD000B005B /* AppDelegate.swift in Sources */ = {isa = PBXBuildFile; fileRef = B4C8C93F1D8813AD000B005B /* AppDelegate.swift */; };
		B4C8C9481D8813AD000B005B /* LaunchScreen.xib in Resources */ = {isa = PBXBuildFile; fileRef = B4C8C9401D8813AD000B005B /* LaunchScreen.xib */; };
		B4C8C9491D8813AD000B005B /* Main.storyboard in Resources */ = {isa = PBXBuildFile; fileRef = B4C8C9421D8813AD000B005B /* Main.storyboard */; };
		B4C8C94A1D8813AD000B005B /* Images.xcassets in Resources */ = {isa = PBXBuildFile; fileRef = B4C8C9441D8813AD000B005B /* Images.xcassets */; };
		B4C8C94C1D8813AD000B005B /* ViewController.swift in Sources */ = {isa = PBXBuildFile; fileRef = B4C8C9461D8813AD000B005B /* ViewController.swift */; };
		B4E89B6B1D88110E00A3406F /* AppDelegate.swift in Sources */ = {isa = PBXBuildFile; fileRef = B4E89B6A1D88110E00A3406F /* AppDelegate.swift */; };
		B4E89B6D1D88110E00A3406F /* Assets.xcassets in Resources */ = {isa = PBXBuildFile; fileRef = B4E89B6C1D88110E00A3406F /* Assets.xcassets */; };
		B4E89B701D88110E00A3406F /* MainMenu.xib in Resources */ = {isa = PBXBuildFile; fileRef = B4E89B6E1D88110E00A3406F /* MainMenu.xib */; };
/* End PBXBuildFile section */

/* Begin PBXContainerItemProxy section */
		607FACE61AFB9204008FA782 /* PBXContainerItemProxy */ = {
			isa = PBXContainerItemProxy;
			containerPortal = 607FACC81AFB9204008FA782 /* Project object */;
			proxyType = 1;
			remoteGlobalIDString = 607FACCF1AFB9204008FA782;
			remoteInfo = DuckDate;
		};
/* End PBXContainerItemProxy section */

/* Begin PBXFileReference section */
		0A2F4D17F3D47DB87EC9E70F /* Pods-DuckDate_Tests.release.xcconfig */ = {isa = PBXFileReference; includeInIndex = 1; lastKnownFileType = text.xcconfig; name = "Pods-DuckDate_Tests.release.xcconfig"; path = "Pods/Target Support Files/Pods-DuckDate_Tests/Pods-DuckDate_Tests.release.xcconfig"; sourceTree = "<group>"; };
		0F7312DF1271925B2CABC8FA /* LICENSE */ = {isa = PBXFileReference; includeInIndex = 1; lastKnownFileType = text; name = LICENSE; path = ../LICENSE; sourceTree = "<group>"; };
		10D60BB751F6544BEB82C9C2 /* DuckDate.podspec */ = {isa = PBXFileReference; includeInIndex = 1; lastKnownFileType = text; name = DuckDate.podspec; path = ../DuckDate.podspec; sourceTree = "<group>"; };
		218CDB5BE3701E6B85B2CF86 /* Pods-DuckDate-DuckDate_Tests.debug.xcconfig */ = {isa = PBXFileReference; includeInIndex = 1; lastKnownFileType = text.xcconfig; name = "Pods-DuckDate-DuckDate_Tests.debug.xcconfig"; path = "Pods/Target Support Files/Pods-DuckDate-DuckDate_Tests/Pods-DuckDate-DuckDate_Tests.debug.xcconfig"; sourceTree = "<group>"; };
		4538D6A726B62F2B8DE85B93 /* Pods-DuckDate-DuckDate-Tests.debug.xcconfig */ = {isa = PBXFileReference; includeInIndex = 1; lastKnownFileType = text.xcconfig; name = "Pods-DuckDate-DuckDate-Tests.debug.xcconfig"; path = "Pods/Target Support Files/Pods-DuckDate-DuckDate-Tests/Pods-DuckDate-DuckDate-Tests.debug.xcconfig"; sourceTree = "<group>"; };
		4CC7C151FBB07A5D1A5C3C29 /* Pods-DuckDate-DuckDate_macOS.release.xcconfig */ = {isa = PBXFileReference; includeInIndex = 1; lastKnownFileType = text.xcconfig; name = "Pods-DuckDate-DuckDate_macOS.release.xcconfig"; path = "Pods/Target Support Files/Pods-DuckDate-DuckDate_macOS/Pods-DuckDate-DuckDate_macOS.release.xcconfig"; sourceTree = "<group>"; };
		513A2E892143E7483731D521 /* Pods_DuckDate_Example.framework */ = {isa = PBXFileReference; explicitFileType = wrapper.framework; includeInIndex = 0; path = Pods_DuckDate_Example.framework; sourceTree = BUILT_PRODUCTS_DIR; };
		607FACD01AFB9204008FA782 /* DuckDate-iOS.app */ = {isa = PBXFileReference; explicitFileType = wrapper.application; includeInIndex = 0; path = "DuckDate-iOS.app"; sourceTree = BUILT_PRODUCTS_DIR; };
		607FACE51AFB9204008FA782 /* DuckDate-Tests.xctest */ = {isa = PBXFileReference; explicitFileType = wrapper.cfbundle; includeInIndex = 0; path = "DuckDate-Tests.xctest"; sourceTree = BUILT_PRODUCTS_DIR; };
		607FACEA1AFB9204008FA782 /* Info.plist */ = {isa = PBXFileReference; lastKnownFileType = text.plist.xml; path = Info.plist; sourceTree = "<group>"; };
		607FACEB1AFB9204008FA782 /* Tests.swift */ = {isa = PBXFileReference; lastKnownFileType = sourcecode.swift; path = Tests.swift; sourceTree = "<group>"; };
		61A63CBB090293B5E6F3AB9B /* Pods_DuckDate_DuckDate_macOS.framework */ = {isa = PBXFileReference; explicitFileType = wrapper.framework; includeInIndex = 0; path = Pods_DuckDate_DuckDate_macOS.framework; sourceTree = BUILT_PRODUCTS_DIR; };
		62DF4D5C141790DC90751827 /* Pods-DuckDate-DuckDate_Example.release.xcconfig */ = {isa = PBXFileReference; includeInIndex = 1; lastKnownFileType = text.xcconfig; name = "Pods-DuckDate-DuckDate_Example.release.xcconfig"; path = "Pods/Target Support Files/Pods-DuckDate-DuckDate_Example/Pods-DuckDate-DuckDate_Example.release.xcconfig"; sourceTree = "<group>"; };
		6CA93A5858BDD8AE63E4EB2B /* Pods-DuckDate-DuckDate-iOS.release.xcconfig */ = {isa = PBXFileReference; includeInIndex = 1; lastKnownFileType = text.xcconfig; name = "Pods-DuckDate-DuckDate-iOS.release.xcconfig"; path = "Pods/Target Support Files/Pods-DuckDate-DuckDate-iOS/Pods-DuckDate-DuckDate-iOS.release.xcconfig"; sourceTree = "<group>"; };
		7C8778BC3F4E0FEDBE407C26 /* Pods-DuckDate_Example.debug.xcconfig */ = {isa = PBXFileReference; includeInIndex = 1; lastKnownFileType = text.xcconfig; name = "Pods-DuckDate_Example.debug.xcconfig"; path = "Pods/Target Support Files/Pods-DuckDate_Example/Pods-DuckDate_Example.debug.xcconfig"; sourceTree = "<group>"; };
		81845EC59B7FBF565FBBEBC0 /* Pods-DuckDate-DuckDate_macOS.debug.xcconfig */ = {isa = PBXFileReference; includeInIndex = 1; lastKnownFileType = text.xcconfig; name = "Pods-DuckDate-DuckDate_macOS.debug.xcconfig"; path = "Pods/Target Support Files/Pods-DuckDate-DuckDate_macOS/Pods-DuckDate-DuckDate_macOS.debug.xcconfig"; sourceTree = "<group>"; };
		84BAAAFDB393CBFC9151DC84 /* Pods_DuckDate_DuckDate_Tests.framework */ = {isa = PBXFileReference; explicitFileType = wrapper.framework; includeInIndex = 0; path = Pods_DuckDate_DuckDate_Tests.framework; sourceTree = BUILT_PRODUCTS_DIR; };
		8564FA679C85DB8B446C56C1 /* Pods-DuckDate_Example.release.xcconfig */ = {isa = PBXFileReference; includeInIndex = 1; lastKnownFileType = text.xcconfig; name = "Pods-DuckDate_Example.release.xcconfig"; path = "Pods/Target Support Files/Pods-DuckDate_Example/Pods-DuckDate_Example.release.xcconfig"; sourceTree = "<group>"; };
		96567341BD1081D090C11D64 /* Pods_DuckDate_Tests.framework */ = {isa = PBXFileReference; explicitFileType = wrapper.framework; includeInIndex = 0; path = Pods_DuckDate_Tests.framework; sourceTree = BUILT_PRODUCTS_DIR; };
		99588255DF48CA7DB6A57622 /* README.md */ = {isa = PBXFileReference; includeInIndex = 1; lastKnownFileType = net.daringfireball.markdown; name = README.md; path = ../README.md; sourceTree = "<group>"; };
		A6D92A52D73E84B695656821 /* Pods-DuckDate-DuckDate-macOS.release.xcconfig */ = {isa = PBXFileReference; includeInIndex = 1; lastKnownFileType = text.xcconfig; name = "Pods-DuckDate-DuckDate-macOS.release.xcconfig"; path = "Pods/Target Support Files/Pods-DuckDate-DuckDate-macOS/Pods-DuckDate-DuckDate-macOS.release.xcconfig"; sourceTree = "<group>"; };
		AFAA494370CD658709A63AE9 /* Pods_DuckDate_DuckDate_iOS.framework */ = {isa = PBXFileReference; explicitFileType = wrapper.framework; includeInIndex = 0; path = Pods_DuckDate_DuckDate_iOS.framework; sourceTree = BUILT_PRODUCTS_DIR; };
		B4C8C93F1D8813AD000B005B /* AppDelegate.swift */ = {isa = PBXFileReference; fileEncoding = 4; lastKnownFileType = sourcecode.swift; path = AppDelegate.swift; sourceTree = "<group>"; };
		B4C8C9411D8813AD000B005B /* Base */ = {isa = PBXFileReference; lastKnownFileType = file.xib; name = Base; path = Base.lproj/LaunchScreen.xib; sourceTree = "<group>"; };
		B4C8C9431D8813AD000B005B /* Base */ = {isa = PBXFileReference; lastKnownFileType = file.storyboard; name = Base; path = Base.lproj/Main.storyboard; sourceTree = "<group>"; };
		B4C8C9441D8813AD000B005B /* Images.xcassets */ = {isa = PBXFileReference; lastKnownFileType = folder.assetcatalog; path = Images.xcassets; sourceTree = "<group>"; };
		B4C8C9451D8813AD000B005B /* Info.plist */ = {isa = PBXFileReference; fileEncoding = 4; lastKnownFileType = text.plist.xml; path = Info.plist; sourceTree = "<group>"; };
		B4C8C9461D8813AD000B005B /* ViewController.swift */ = {isa = PBXFileReference; fileEncoding = 4; lastKnownFileType = sourcecode.swift; path = ViewController.swift; sourceTree = "<group>"; };
		B4E89B681D88110E00A3406F /* DuckDate-macOS.app */ = {isa = PBXFileReference; explicitFileType = wrapper.application; includeInIndex = 0; path = "DuckDate-macOS.app"; sourceTree = BUILT_PRODUCTS_DIR; };
		B4E89B6A1D88110E00A3406F /* AppDelegate.swift */ = {isa = PBXFileReference; lastKnownFileType = sourcecode.swift; path = AppDelegate.swift; sourceTree = "<group>"; };
		B4E89B6C1D88110E00A3406F /* Assets.xcassets */ = {isa = PBXFileReference; lastKnownFileType = folder.assetcatalog; path = Assets.xcassets; sourceTree = "<group>"; };
		B4E89B6F1D88110E00A3406F /* Base */ = {isa = PBXFileReference; lastKnownFileType = file.xib; name = Base; path = Base.lproj/MainMenu.xib; sourceTree = "<group>"; };
		B4E89B711D88110E00A3406F /* Info.plist */ = {isa = PBXFileReference; lastKnownFileType = text.plist.xml; path = Info.plist; sourceTree = "<group>"; };
		B5827A743FEE99DE7DCD6DD7 /* Pods_DuckDate_DuckDate_Example.framework */ = {isa = PBXFileReference; explicitFileType = wrapper.framework; includeInIndex = 0; path = Pods_DuckDate_DuckDate_Example.framework; sourceTree = BUILT_PRODUCTS_DIR; };
		BAA9D3EF76C3D1ECA5444571 /* Pods-DuckDate-DuckDate_Example.debug.xcconfig */ = {isa = PBXFileReference; includeInIndex = 1; lastKnownFileType = text.xcconfig; name = "Pods-DuckDate-DuckDate_Example.debug.xcconfig"; path = "Pods/Target Support Files/Pods-DuckDate-DuckDate_Example/Pods-DuckDate-DuckDate_Example.debug.xcconfig"; sourceTree = "<group>"; };
		CDE221512BFD019392F17203 /* Pods-DuckDate-DuckDate-iOS.debug.xcconfig */ = {isa = PBXFileReference; includeInIndex = 1; lastKnownFileType = text.xcconfig; name = "Pods-DuckDate-DuckDate-iOS.debug.xcconfig"; path = "Pods/Target Support Files/Pods-DuckDate-DuckDate-iOS/Pods-DuckDate-DuckDate-iOS.debug.xcconfig"; sourceTree = "<group>"; };
		D4947958894B3DFF3740F043 /* Pods-DuckDate-DuckDate_Tests.release.xcconfig */ = {isa = PBXFileReference; includeInIndex = 1; lastKnownFileType = text.xcconfig; name = "Pods-DuckDate-DuckDate_Tests.release.xcconfig"; path = "Pods/Target Support Files/Pods-DuckDate-DuckDate_Tests/Pods-DuckDate-DuckDate_Tests.release.xcconfig"; sourceTree = "<group>"; };
		F4694EFD72132FC384CE98EE /* Pods-DuckDate-DuckDate-macOS.debug.xcconfig */ = {isa = PBXFileReference; includeInIndex = 1; lastKnownFileType = text.xcconfig; name = "Pods-DuckDate-DuckDate-macOS.debug.xcconfig"; path = "Pods/Target Support Files/Pods-DuckDate-DuckDate-macOS/Pods-DuckDate-DuckDate-macOS.debug.xcconfig"; sourceTree = "<group>"; };
		F9E587460FF739E163DCB4FF /* Pods-DuckDate-DuckDate-Tests.release.xcconfig */ = {isa = PBXFileReference; includeInIndex = 1; lastKnownFileType = text.xcconfig; name = "Pods-DuckDate-DuckDate-Tests.release.xcconfig"; path = "Pods/Target Support Files/Pods-DuckDate-DuckDate-Tests/Pods-DuckDate-DuckDate-Tests.release.xcconfig"; sourceTree = "<group>"; };
		FA8D52A1DEA0354BEF458133 /* Pods-DuckDate_Tests.debug.xcconfig */ = {isa = PBXFileReference; includeInIndex = 1; lastKnownFileType = text.xcconfig; name = "Pods-DuckDate_Tests.debug.xcconfig"; path = "Pods/Target Support Files/Pods-DuckDate_Tests/Pods-DuckDate_Tests.debug.xcconfig"; sourceTree = "<group>"; };
/* End PBXFileReference section */

/* Begin PBXFrameworksBuildPhase section */
		607FACCD1AFB9204008FA782 /* Frameworks */ = {
			isa = PBXFrameworksBuildPhase;
			buildActionMask = 2147483647;
			files = (
				4E6A414508743E8D30B1FDFB /* Pods_DuckDate_DuckDate_iOS.framework in Frameworks */,
			);
			runOnlyForDeploymentPostprocessing = 0;
		};
		607FACE21AFB9204008FA782 /* Frameworks */ = {
			isa = PBXFrameworksBuildPhase;
			buildActionMask = 2147483647;
			files = (
				5D5172D6ADC039CDE6CE83D9 /* Pods_DuckDate_DuckDate_Tests.framework in Frameworks */,
			);
			runOnlyForDeploymentPostprocessing = 0;
		};
		B4E89B651D88110E00A3406F /* Frameworks */ = {
			isa = PBXFrameworksBuildPhase;
			buildActionMask = 2147483647;
			files = (
				38272F49E00BDDB6ED7681B0 /* Pods_DuckDate_DuckDate_macOS.framework in Frameworks */,
			);
			runOnlyForDeploymentPostprocessing = 0;
		};
/* End PBXFrameworksBuildPhase section */

/* Begin PBXGroup section */
		51D1F40753FF8E73824E9B3A /* Frameworks */ = {
			isa = PBXGroup;
			children = (
				513A2E892143E7483731D521 /* Pods_DuckDate_Example.framework */,
				96567341BD1081D090C11D64 /* Pods_DuckDate_Tests.framework */,
				B5827A743FEE99DE7DCD6DD7 /* Pods_DuckDate_DuckDate_Example.framework */,
				84BAAAFDB393CBFC9151DC84 /* Pods_DuckDate_DuckDate_Tests.framework */,
				61A63CBB090293B5E6F3AB9B /* Pods_DuckDate_DuckDate_macOS.framework */,
				AFAA494370CD658709A63AE9 /* Pods_DuckDate_DuckDate_iOS.framework */,
			);
			name = Frameworks;
			sourceTree = "<group>";
		};
		607FACC71AFB9204008FA782 = {
			isa = PBXGroup;
			children = (
				607FACF51AFB993E008FA782 /* Podspec Metadata */,
				B4C8C93E1D8813AD000B005B /* DuckDate-iOS */,
				B4E89B691D88110E00A3406F /* DuckDate-macOS */,
				607FACE81AFB9204008FA782 /* Tests */,
				607FACD11AFB9204008FA782 /* Products */,
				7C043D61AF74B2F90C76135E /* Pods */,
				51D1F40753FF8E73824E9B3A /* Frameworks */,
			);
			sourceTree = "<group>";
		};
		607FACD11AFB9204008FA782 /* Products */ = {
			isa = PBXGroup;
			children = (
				607FACD01AFB9204008FA782 /* DuckDate-iOS.app */,
				607FACE51AFB9204008FA782 /* DuckDate-Tests.xctest */,
				B4E89B681D88110E00A3406F /* DuckDate-macOS.app */,
			);
			name = Products;
			sourceTree = "<group>";
		};
		607FACE81AFB9204008FA782 /* Tests */ = {
			isa = PBXGroup;
			children = (
				607FACEB1AFB9204008FA782 /* Tests.swift */,
				607FACE91AFB9204008FA782 /* Supporting Files */,
			);
			path = Tests;
			sourceTree = "<group>";
		};
		607FACE91AFB9204008FA782 /* Supporting Files */ = {
			isa = PBXGroup;
			children = (
				607FACEA1AFB9204008FA782 /* Info.plist */,
			);
			name = "Supporting Files";
			sourceTree = "<group>";
		};
		607FACF51AFB993E008FA782 /* Podspec Metadata */ = {
			isa = PBXGroup;
			children = (
				10D60BB751F6544BEB82C9C2 /* DuckDate.podspec */,
				99588255DF48CA7DB6A57622 /* README.md */,
				0F7312DF1271925B2CABC8FA /* LICENSE */,
			);
			name = "Podspec Metadata";
			sourceTree = "<group>";
		};
		7C043D61AF74B2F90C76135E /* Pods */ = {
			isa = PBXGroup;
			children = (
				7C8778BC3F4E0FEDBE407C26 /* Pods-DuckDate_Example.debug.xcconfig */,
				8564FA679C85DB8B446C56C1 /* Pods-DuckDate_Example.release.xcconfig */,
				FA8D52A1DEA0354BEF458133 /* Pods-DuckDate_Tests.debug.xcconfig */,
				0A2F4D17F3D47DB87EC9E70F /* Pods-DuckDate_Tests.release.xcconfig */,
				BAA9D3EF76C3D1ECA5444571 /* Pods-DuckDate-DuckDate_Example.debug.xcconfig */,
				62DF4D5C141790DC90751827 /* Pods-DuckDate-DuckDate_Example.release.xcconfig */,
				218CDB5BE3701E6B85B2CF86 /* Pods-DuckDate-DuckDate_Tests.debug.xcconfig */,
				D4947958894B3DFF3740F043 /* Pods-DuckDate-DuckDate_Tests.release.xcconfig */,
				81845EC59B7FBF565FBBEBC0 /* Pods-DuckDate-DuckDate_macOS.debug.xcconfig */,
				4CC7C151FBB07A5D1A5C3C29 /* Pods-DuckDate-DuckDate_macOS.release.xcconfig */,
				CDE221512BFD019392F17203 /* Pods-DuckDate-DuckDate-iOS.debug.xcconfig */,
				6CA93A5858BDD8AE63E4EB2B /* Pods-DuckDate-DuckDate-iOS.release.xcconfig */,
				F4694EFD72132FC384CE98EE /* Pods-DuckDate-DuckDate-macOS.debug.xcconfig */,
				A6D92A52D73E84B695656821 /* Pods-DuckDate-DuckDate-macOS.release.xcconfig */,
				4538D6A726B62F2B8DE85B93 /* Pods-DuckDate-DuckDate-Tests.debug.xcconfig */,
				F9E587460FF739E163DCB4FF /* Pods-DuckDate-DuckDate-Tests.release.xcconfig */,
			);
			name = Pods;
			sourceTree = "<group>";
		};
		B4C8C93E1D8813AD000B005B /* DuckDate-iOS */ = {
			isa = PBXGroup;
			children = (
				B4C8C93F1D8813AD000B005B /* AppDelegate.swift */,
				B4C8C9401D8813AD000B005B /* LaunchScreen.xib */,
				B4C8C9421D8813AD000B005B /* Main.storyboard */,
				B4C8C9441D8813AD000B005B /* Images.xcassets */,
				B4C8C9451D8813AD000B005B /* Info.plist */,
				B4C8C9461D8813AD000B005B /* ViewController.swift */,
			);
			path = "DuckDate-iOS";
			sourceTree = "<group>";
		};
		B4E89B691D88110E00A3406F /* DuckDate-macOS */ = {
			isa = PBXGroup;
			children = (
				B4E89B6A1D88110E00A3406F /* AppDelegate.swift */,
				B4E89B6C1D88110E00A3406F /* Assets.xcassets */,
				B4E89B6E1D88110E00A3406F /* MainMenu.xib */,
				B4E89B711D88110E00A3406F /* Info.plist */,
			);
			path = "DuckDate-macOS";
			sourceTree = "<group>";
		};
/* End PBXGroup section */

/* Begin PBXNativeTarget section */
		607FACCF1AFB9204008FA782 /* DuckDate-iOS */ = {
			isa = PBXNativeTarget;
			buildConfigurationList = 607FACEF1AFB9204008FA782 /* Build configuration list for PBXNativeTarget "DuckDate-iOS" */;
			buildPhases = (
				72C90644F73464CA19287F17 /* [CP] Check Pods Manifest.lock */,
				607FACCC1AFB9204008FA782 /* Sources */,
				607FACCD1AFB9204008FA782 /* Frameworks */,
				607FACCE1AFB9204008FA782 /* Resources */,
				1BBEAC6C21D26933461517C6 /* [CP] Embed Pods Frameworks */,
				0DC1BF197194219491630D9F /* [CP] Copy Pods Resources */,
			);
			buildRules = (
			);
			dependencies = (
			);
			name = "DuckDate-iOS";
			productName = DuckDate;
			productReference = 607FACD01AFB9204008FA782 /* DuckDate-iOS.app */;
			productType = "com.apple.product-type.application";
		};
		607FACE41AFB9204008FA782 /* DuckDate-Tests */ = {
			isa = PBXNativeTarget;
			buildConfigurationList = 607FACF21AFB9204008FA782 /* Build configuration list for PBXNativeTarget "DuckDate-Tests" */;
			buildPhases = (
				7D706084CC1A4FE926A7569B /* [CP] Check Pods Manifest.lock */,
				607FACE11AFB9204008FA782 /* Sources */,
				607FACE21AFB9204008FA782 /* Frameworks */,
				607FACE31AFB9204008FA782 /* Resources */,
				6A6C1EC4034B821BE4B8E02A /* [CP] Embed Pods Frameworks */,
				C986E02DC4FB48F8DF0DA28E /* [CP] Copy Pods Resources */,
			);
			buildRules = (
			);
			dependencies = (
				607FACE71AFB9204008FA782 /* PBXTargetDependency */,
			);
			name = "DuckDate-Tests";
			productName = Tests;
			productReference = 607FACE51AFB9204008FA782 /* DuckDate-Tests.xctest */;
			productType = "com.apple.product-type.bundle.unit-test";
		};
		B4E89B671D88110E00A3406F /* DuckDate-macOS */ = {
			isa = PBXNativeTarget;
			buildConfigurationList = B4E89B721D88110E00A3406F /* Build configuration list for PBXNativeTarget "DuckDate-macOS" */;
			buildPhases = (
				5F6A33FE4E5ABEAA0CF71F5D /* [CP] Check Pods Manifest.lock */,
				B4E89B641D88110E00A3406F /* Sources */,
				B4E89B651D88110E00A3406F /* Frameworks */,
				B4E89B661D88110E00A3406F /* Resources */,
				231EA42D42C8AE629B12054E /* [CP] Embed Pods Frameworks */,
				0D6947BD09634DAC53705162 /* [CP] Copy Pods Resources */,
			);
			buildRules = (
			);
			dependencies = (
			);
			name = "DuckDate-macOS";
			productName = "DuckDate-macOS";
			productReference = B4E89B681D88110E00A3406F /* DuckDate-macOS.app */;
			productType = "com.apple.product-type.application";
		};
/* End PBXNativeTarget section */

/* Begin PBXProject section */
		607FACC81AFB9204008FA782 /* Project object */ = {
			isa = PBXProject;
			attributes = {
				LastSwiftUpdateCheck = 0730;
				LastUpgradeCheck = 0800;
				ORGANIZATIONNAME = CocoaPods;
				TargetAttributes = {
					607FACCF1AFB9204008FA782 = {
						CreatedOnToolsVersion = 6.3.1;
						LastSwiftMigration = 0800;
						ProvisioningStyle = Automatic;
					};
					607FACE41AFB9204008FA782 = {
						CreatedOnToolsVersion = 6.3.1;
						LastSwiftMigration = 0800;
						TestTargetID = 607FACCF1AFB9204008FA782;
					};
					B4E89B671D88110E00A3406F = {
						CreatedOnToolsVersion = 7.3.1;
						LastSwiftMigration = 0800;
					};
				};
			};
			buildConfigurationList = 607FACCB1AFB9204008FA782 /* Build configuration list for PBXProject "DuckDate" */;
			compatibilityVersion = "Xcode 3.2";
			developmentRegion = English;
			hasScannedForEncodings = 0;
			knownRegions = (
				en,
				Base,
			);
			mainGroup = 607FACC71AFB9204008FA782;
			productRefGroup = 607FACD11AFB9204008FA782 /* Products */;
			projectDirPath = "";
			projectRoot = "";
			targets = (
				607FACCF1AFB9204008FA782 /* DuckDate-iOS */,
				B4E89B671D88110E00A3406F /* DuckDate-macOS */,
				607FACE41AFB9204008FA782 /* DuckDate-Tests */,
			);
		};
/* End PBXProject section */

/* Begin PBXResourcesBuildPhase section */
		607FACCE1AFB9204008FA782 /* Resources */ = {
			isa = PBXResourcesBuildPhase;
			buildActionMask = 2147483647;
			files = (
				B4C8C94A1D8813AD000B005B /* Images.xcassets in Resources */,
				B4C8C9481D8813AD000B005B /* LaunchScreen.xib in Resources */,
				B4C8C9491D8813AD000B005B /* Main.storyboard in Resources */,
			);
			runOnlyForDeploymentPostprocessing = 0;
		};
		607FACE31AFB9204008FA782 /* Resources */ = {
			isa = PBXResourcesBuildPhase;
			buildActionMask = 2147483647;
			files = (
			);
			runOnlyForDeploymentPostprocessing = 0;
		};
		B4E89B661D88110E00A3406F /* Resources */ = {
			isa = PBXResourcesBuildPhase;
			buildActionMask = 2147483647;
			files = (
				B4E89B6D1D88110E00A3406F /* Assets.xcassets in Resources */,
				B4E89B701D88110E00A3406F /* MainMenu.xib in Resources */,
			);
			runOnlyForDeploymentPostprocessing = 0;
		};
/* End PBXResourcesBuildPhase section */

/* Begin PBXShellScriptBuildPhase section */
		0D6947BD09634DAC53705162 /* [CP] Copy Pods Resources */ = {
			isa = PBXShellScriptBuildPhase;
			buildActionMask = 2147483647;
			files = (
			);
			inputPaths = (
			);
			name = "[CP] Copy Pods Resources";
			outputPaths = (
			);
			runOnlyForDeploymentPostprocessing = 0;
			shellPath = /bin/sh;
			shellScript = "\"${SRCROOT}/Pods/Target Support Files/Pods-DuckDate-DuckDate-macOS/Pods-DuckDate-DuckDate-macOS-resources.sh\"\n";
			showEnvVarsInLog = 0;
		};
		0DC1BF197194219491630D9F /* [CP] Copy Pods Resources */ = {
			isa = PBXShellScriptBuildPhase;
			buildActionMask = 2147483647;
			files = (
			);
			inputPaths = (
			);
			name = "[CP] Copy Pods Resources";
			outputPaths = (
			);
			runOnlyForDeploymentPostprocessing = 0;
			shellPath = /bin/sh;
			shellScript = "\"${SRCROOT}/Pods/Target Support Files/Pods-DuckDate-DuckDate-iOS/Pods-DuckDate-DuckDate-iOS-resources.sh\"\n";
			showEnvVarsInLog = 0;
		};
		1BBEAC6C21D26933461517C6 /* [CP] Embed Pods Frameworks */ = {
			isa = PBXShellScriptBuildPhase;
			buildActionMask = 2147483647;
			files = (
			);
			inputPaths = (
			);
			name = "[CP] Embed Pods Frameworks";
			outputPaths = (
			);
			runOnlyForDeploymentPostprocessing = 0;
			shellPath = /bin/sh;
			shellScript = "\"${SRCROOT}/Pods/Target Support Files/Pods-DuckDate-DuckDate-iOS/Pods-DuckDate-DuckDate-iOS-frameworks.sh\"\n";
			showEnvVarsInLog = 0;
		};
		231EA42D42C8AE629B12054E /* [CP] Embed Pods Frameworks */ = {
			isa = PBXShellScriptBuildPhase;
			buildActionMask = 2147483647;
			files = (
			);
			inputPaths = (
			);
			name = "[CP] Embed Pods Frameworks";
			outputPaths = (
			);
			runOnlyForDeploymentPostprocessing = 0;
			shellPath = /bin/sh;
			shellScript = "\"${SRCROOT}/Pods/Target Support Files/Pods-DuckDate-DuckDate-macOS/Pods-DuckDate-DuckDate-macOS-frameworks.sh\"\n";
			showEnvVarsInLog = 0;
		};
		5F6A33FE4E5ABEAA0CF71F5D /* [CP] Check Pods Manifest.lock */ = {
			isa = PBXShellScriptBuildPhase;
			buildActionMask = 2147483647;
			files = (
			);
			inputPaths = (
			);
			name = "[CP] Check Pods Manifest.lock";
			outputPaths = (
			);
			runOnlyForDeploymentPostprocessing = 0;
			shellPath = /bin/sh;
			shellScript = "diff \"${PODS_ROOT}/../Podfile.lock\" \"${PODS_ROOT}/Manifest.lock\" > /dev/null\nif [ $? != 0 ] ; then\n    # print error to STDERR\n    echo \"error: The sandbox is not in sync with the Podfile.lock. Run 'pod install' or update your CocoaPods installation.\" >&2\n    exit 1\nfi\n";
			showEnvVarsInLog = 0;
		};
		6A6C1EC4034B821BE4B8E02A /* [CP] Embed Pods Frameworks */ = {
			isa = PBXShellScriptBuildPhase;
			buildActionMask = 2147483647;
			files = (
			);
			inputPaths = (
			);
			name = "[CP] Embed Pods Frameworks";
			outputPaths = (
			);
			runOnlyForDeploymentPostprocessing = 0;
			shellPath = /bin/sh;
			shellScript = "\"${SRCROOT}/Pods/Target Support Files/Pods-DuckDate-DuckDate-Tests/Pods-DuckDate-DuckDate-Tests-frameworks.sh\"\n";
			showEnvVarsInLog = 0;
		};
		72C90644F73464CA19287F17 /* [CP] Check Pods Manifest.lock */ = {
			isa = PBXShellScriptBuildPhase;
			buildActionMask = 2147483647;
			files = (
			);
			inputPaths = (
			);
			name = "[CP] Check Pods Manifest.lock";
			outputPaths = (
			);
			runOnlyForDeploymentPostprocessing = 0;
			shellPath = /bin/sh;
			shellScript = "diff \"${PODS_ROOT}/../Podfile.lock\" \"${PODS_ROOT}/Manifest.lock\" > /dev/null\nif [ $? != 0 ] ; then\n    # print error to STDERR\n    echo \"error: The sandbox is not in sync with the Podfile.lock. Run 'pod install' or update your CocoaPods installation.\" >&2\n    exit 1\nfi\n";
			showEnvVarsInLog = 0;
		};
		7D706084CC1A4FE926A7569B /* [CP] Check Pods Manifest.lock */ = {
			isa = PBXShellScriptBuildPhase;
			buildActionMask = 2147483647;
			files = (
			);
			inputPaths = (
			);
			name = "[CP] Check Pods Manifest.lock";
			outputPaths = (
			);
			runOnlyForDeploymentPostprocessing = 0;
			shellPath = /bin/sh;
			shellScript = "diff \"${PODS_ROOT}/../Podfile.lock\" \"${PODS_ROOT}/Manifest.lock\" > /dev/null\nif [ $? != 0 ] ; then\n    # print error to STDERR\n    echo \"error: The sandbox is not in sync with the Podfile.lock. Run 'pod install' or update your CocoaPods installation.\" >&2\n    exit 1\nfi\n";
			showEnvVarsInLog = 0;
		};
		C986E02DC4FB48F8DF0DA28E /* [CP] Copy Pods Resources */ = {
			isa = PBXShellScriptBuildPhase;
			buildActionMask = 2147483647;
			files = (
			);
			inputPaths = (
			);
			name = "[CP] Copy Pods Resources";
			outputPaths = (
			);
			runOnlyForDeploymentPostprocessing = 0;
			shellPath = /bin/sh;
			shellScript = "\"${SRCROOT}/Pods/Target Support Files/Pods-DuckDate-DuckDate-Tests/Pods-DuckDate-DuckDate-Tests-resources.sh\"\n";
			showEnvVarsInLog = 0;
		};
/* End PBXShellScriptBuildPhase section */

/* Begin PBXSourcesBuildPhase section */
		607FACCC1AFB9204008FA782 /* Sources */ = {
			isa = PBXSourcesBuildPhase;
			buildActionMask = 2147483647;
			files = (
				B4C8C94C1D8813AD000B005B /* ViewController.swift in Sources */,
				B4C8C9471D8813AD000B005B /* AppDelegate.swift in Sources */,
			);
			runOnlyForDeploymentPostprocessing = 0;
		};
		607FACE11AFB9204008FA782 /* Sources */ = {
			isa = PBXSourcesBuildPhase;
			buildActionMask = 2147483647;
			files = (
				607FACEC1AFB9204008FA782 /* Tests.swift in Sources */,
			);
			runOnlyForDeploymentPostprocessing = 0;
		};
		B4E89B641D88110E00A3406F /* Sources */ = {
			isa = PBXSourcesBuildPhase;
			buildActionMask = 2147483647;
			files = (
				B4E89B6B1D88110E00A3406F /* AppDelegate.swift in Sources */,
			);
			runOnlyForDeploymentPostprocessing = 0;
		};
/* End PBXSourcesBuildPhase section */

/* Begin PBXTargetDependency section */
		607FACE71AFB9204008FA782 /* PBXTargetDependency */ = {
			isa = PBXTargetDependency;
			target = 607FACCF1AFB9204008FA782 /* DuckDate-iOS */;
			targetProxy = 607FACE61AFB9204008FA782 /* PBXContainerItemProxy */;
		};
/* End PBXTargetDependency section */

/* Begin PBXVariantGroup section */
		B4C8C9401D8813AD000B005B /* LaunchScreen.xib */ = {
			isa = PBXVariantGroup;
			children = (
				B4C8C9411D8813AD000B005B /* Base */,
			);
			name = LaunchScreen.xib;
			sourceTree = "<group>";
		};
		B4C8C9421D8813AD000B005B /* Main.storyboard */ = {
			isa = PBXVariantGroup;
			children = (
				B4C8C9431D8813AD000B005B /* Base */,
			);
			name = Main.storyboard;
			sourceTree = "<group>";
		};
		B4E89B6E1D88110E00A3406F /* MainMenu.xib */ = {
			isa = PBXVariantGroup;
			children = (
				B4E89B6F1D88110E00A3406F /* Base */,
			);
			name = MainMenu.xib;
			sourceTree = "<group>";
		};
/* End PBXVariantGroup section */

/* Begin XCBuildConfiguration section */
		607FACED1AFB9204008FA782 /* Debug */ = {
			isa = XCBuildConfiguration;
			buildSettings = {
				ALWAYS_SEARCH_USER_PATHS = NO;
				CLANG_CXX_LANGUAGE_STANDARD = "gnu++0x";
				CLANG_CXX_LIBRARY = "libc++";
				CLANG_ENABLE_MODULES = YES;
				CLANG_ENABLE_OBJC_ARC = YES;
				CLANG_WARN_BOOL_CONVERSION = YES;
				CLANG_WARN_CONSTANT_CONVERSION = YES;
				CLANG_WARN_DIRECT_OBJC_ISA_USAGE = YES_ERROR;
				CLANG_WARN_EMPTY_BODY = YES;
				CLANG_WARN_ENUM_CONVERSION = YES;
				CLANG_WARN_INFINITE_RECURSION = YES;
				CLANG_WARN_INT_CONVERSION = YES;
				CLANG_WARN_OBJC_ROOT_CLASS = YES_ERROR;
				CLANG_WARN_SUSPICIOUS_MOVE = YES;
				CLANG_WARN_UNREACHABLE_CODE = YES;
				CLANG_WARN__DUPLICATE_METHOD_MATCH = YES;
				"CODE_SIGN_IDENTITY[sdk=iphoneos*]" = "iPhone Developer";
				COPY_PHASE_STRIP = NO;
				DEBUG_INFORMATION_FORMAT = "dwarf-with-dsym";
				ENABLE_STRICT_OBJC_MSGSEND = YES;
				ENABLE_TESTABILITY = YES;
				GCC_C_LANGUAGE_STANDARD = gnu99;
				GCC_DYNAMIC_NO_PIC = NO;
				GCC_NO_COMMON_BLOCKS = YES;
				GCC_OPTIMIZATION_LEVEL = 0;
				GCC_PREPROCESSOR_DEFINITIONS = (
					"DEBUG=1",
					"$(inherited)",
				);
				GCC_SYMBOLS_PRIVATE_EXTERN = NO;
				GCC_WARN_64_TO_32_BIT_CONVERSION = YES;
				GCC_WARN_ABOUT_RETURN_TYPE = YES_ERROR;
				GCC_WARN_UNDECLARED_SELECTOR = YES;
				GCC_WARN_UNINITIALIZED_AUTOS = YES_AGGRESSIVE;
				GCC_WARN_UNUSED_FUNCTION = YES;
				GCC_WARN_UNUSED_VARIABLE = YES;
				IPHONEOS_DEPLOYMENT_TARGET = 8.0;
				MACOSX_DEPLOYMENT_TARGET = 10.11;
				MTL_ENABLE_DEBUG_INFO = YES;
				ONLY_ACTIVE_ARCH = YES;
				SDKROOT = iphoneos;
				SWIFT_OPTIMIZATION_LEVEL = "-Onone";
			};
			name = Debug;
		};
		607FACEE1AFB9204008FA782 /* Release */ = {
			isa = XCBuildConfiguration;
			buildSettings = {
				ALWAYS_SEARCH_USER_PATHS = NO;
				CLANG_CXX_LANGUAGE_STANDARD = "gnu++0x";
				CLANG_CXX_LIBRARY = "libc++";
				CLANG_ENABLE_MODULES = YES;
				CLANG_ENABLE_OBJC_ARC = YES;
				CLANG_WARN_BOOL_CONVERSION = YES;
				CLANG_WARN_CONSTANT_CONVERSION = YES;
				CLANG_WARN_DIRECT_OBJC_ISA_USAGE = YES_ERROR;
				CLANG_WARN_EMPTY_BODY = YES;
				CLANG_WARN_ENUM_CONVERSION = YES;
				CLANG_WARN_INFINITE_RECURSION = YES;
				CLANG_WARN_INT_CONVERSION = YES;
				CLANG_WARN_OBJC_ROOT_CLASS = YES_ERROR;
				CLANG_WARN_SUSPICIOUS_MOVE = YES;
				CLANG_WARN_UNREACHABLE_CODE = YES;
				CLANG_WARN__DUPLICATE_METHOD_MATCH = YES;
				"CODE_SIGN_IDENTITY[sdk=iphoneos*]" = "iPhone Developer";
				COPY_PHASE_STRIP = NO;
				DEBUG_INFORMATION_FORMAT = "dwarf-with-dsym";
				ENABLE_NS_ASSERTIONS = NO;
				ENABLE_STRICT_OBJC_MSGSEND = YES;
				GCC_C_LANGUAGE_STANDARD = gnu99;
				GCC_NO_COMMON_BLOCKS = YES;
				GCC_WARN_64_TO_32_BIT_CONVERSION = YES;
				GCC_WARN_ABOUT_RETURN_TYPE = YES_ERROR;
				GCC_WARN_UNDECLARED_SELECTOR = YES;
				GCC_WARN_UNINITIALIZED_AUTOS = YES_AGGRESSIVE;
				GCC_WARN_UNUSED_FUNCTION = YES;
				GCC_WARN_UNUSED_VARIABLE = YES;
				IPHONEOS_DEPLOYMENT_TARGET = 8.0;
				MACOSX_DEPLOYMENT_TARGET = 10.11;
				MTL_ENABLE_DEBUG_INFO = NO;
				SDKROOT = iphoneos;
				SWIFT_OPTIMIZATION_LEVEL = "-Owholemodule";
				VALIDATE_PRODUCT = YES;
			};
			name = Release;
		};
		607FACF01AFB9204008FA782 /* Debug */ = {
			isa = XCBuildConfiguration;
			baseConfigurationReference = CDE221512BFD019392F17203 /* Pods-DuckDate-DuckDate-iOS.debug.xcconfig */;
			buildSettings = {
				ALWAYS_EMBED_SWIFT_STANDARD_LIBRARIES = YES;
				ASSETCATALOG_COMPILER_APPICON_NAME = AppIcon;
				"CODE_SIGN_IDENTITY[sdk=iphoneos*]" = "iPhone Developer";
				DEVELOPMENT_TEAM = "";
				INFOPLIST_FILE = "$(SRCROOT)/DuckDate-iOS/Info.plist";
				LD_RUNPATH_SEARCH_PATHS = "$(inherited) @executable_path/Frameworks";
				MODULE_NAME = ExampleApp;
				PRODUCT_BUNDLE_IDENTIFIER = "academy.appdev.DuckDate-iOS";
				PRODUCT_NAME = "$(TARGET_NAME)";
				SWIFT_VERSION = 3.0;
			};
			name = Debug;
		};
		607FACF11AFB9204008FA782 /* Release */ = {
			isa = XCBuildConfiguration;
			baseConfigurationReference = 6CA93A5858BDD8AE63E4EB2B /* Pods-DuckDate-DuckDate-iOS.release.xcconfig */;
			buildSettings = {
				ALWAYS_EMBED_SWIFT_STANDARD_LIBRARIES = YES;
				ASSETCATALOG_COMPILER_APPICON_NAME = AppIcon;
				"CODE_SIGN_IDENTITY[sdk=iphoneos*]" = "iPhone Developer";
				DEVELOPMENT_TEAM = "";
				INFOPLIST_FILE = "$(SRCROOT)/DuckDate-iOS/Info.plist";
				LD_RUNPATH_SEARCH_PATHS = "$(inherited) @executable_path/Frameworks";
				MODULE_NAME = ExampleApp;
				PRODUCT_BUNDLE_IDENTIFIER = "academy.appdev.DuckDate-iOS";
				PRODUCT_NAME = "$(TARGET_NAME)";
				SWIFT_VERSION = 3.0;
			};
			name = Release;
		};
		607FACF31AFB9204008FA782 /* Debug */ = {
			isa = XCBuildConfiguration;
			baseConfigurationReference = 4538D6A726B62F2B8DE85B93 /* Pods-DuckDate-DuckDate-Tests.debug.xcconfig */;
			buildSettings = {
				ALWAYS_EMBED_SWIFT_STANDARD_LIBRARIES = YES;
				FRAMEWORK_SEARCH_PATHS = (
					"$(SDKROOT)/Developer/Library/Frameworks",
					"$(inherited)",
				);
				GCC_PREPROCESSOR_DEFINITIONS = (
					"DEBUG=1",
					"$(inherited)",
				);
				INFOPLIST_FILE = Tests/Info.plist;
				LD_RUNPATH_SEARCH_PATHS = "$(inherited) @executable_path/Frameworks @loader_path/Frameworks";
				PRODUCT_BUNDLE_IDENTIFIER = "org.cocoapods.$(PRODUCT_NAME:rfc1034identifier)";
				PRODUCT_NAME = "$(TARGET_NAME)";
				SWIFT_VERSION = 3.0;
				TEST_HOST = "$(BUILT_PRODUCTS_DIR)/DuckDate-iOS.app/DuckDate-iOS";
			};
			name = Debug;
		};
		607FACF41AFB9204008FA782 /* Release */ = {
			isa = XCBuildConfiguration;
			baseConfigurationReference = F9E587460FF739E163DCB4FF /* Pods-DuckDate-DuckDate-Tests.release.xcconfig */;
			buildSettings = {
				ALWAYS_EMBED_SWIFT_STANDARD_LIBRARIES = YES;
				FRAMEWORK_SEARCH_PATHS = (
					"$(SDKROOT)/Developer/Library/Frameworks",
					"$(inherited)",
				);
				INFOPLIST_FILE = Tests/Info.plist;
				LD_RUNPATH_SEARCH_PATHS = "$(inherited) @executable_path/Frameworks @loader_path/Frameworks";
				PRODUCT_BUNDLE_IDENTIFIER = "org.cocoapods.$(PRODUCT_NAME:rfc1034identifier)";
				PRODUCT_NAME = "$(TARGET_NAME)";
				SWIFT_VERSION = 3.0;
				TEST_HOST = "$(BUILT_PRODUCTS_DIR)/DuckDate-iOS.app/DuckDate-iOS";
			};
			name = Release;
		};
		B4E89B731D88110E00A3406F /* Debug */ = {
			isa = XCBuildConfiguration;
			baseConfigurationReference = F4694EFD72132FC384CE98EE /* Pods-DuckDate-DuckDate-macOS.debug.xcconfig */;
			buildSettings = {
				ALWAYS_EMBED_SWIFT_STANDARD_LIBRARIES = YES;
				ASSETCATALOG_COMPILER_APPICON_NAME = AppIcon;
				CLANG_ANALYZER_NONNULL = YES;
				CODE_SIGN_IDENTITY = "-";
				COMBINE_HIDPI_IMAGES = YES;
				DEBUG_INFORMATION_FORMAT = dwarf;
				INFOPLIST_FILE = "DuckDate-macOS/Info.plist";
				LD_RUNPATH_SEARCH_PATHS = "$(inherited) @executable_path/../Frameworks";
				PRODUCT_BUNDLE_IDENTIFIER = "academy.appdev.DuckDate-macOS";
				PRODUCT_NAME = "$(TARGET_NAME)";
				SDKROOT = macosx;
				SWIFT_VERSION = 3.0;
			};
			name = Debug;
		};
		B4E89B741D88110E00A3406F /* Release */ = {
			isa = XCBuildConfiguration;
			baseConfigurationReference = A6D92A52D73E84B695656821 /* Pods-DuckDate-DuckDate-macOS.release.xcconfig */;
			buildSettings = {
				ALWAYS_EMBED_SWIFT_STANDARD_LIBRARIES = YES;
				ASSETCATALOG_COMPILER_APPICON_NAME = AppIcon;
				CLANG_ANALYZER_NONNULL = YES;
				CODE_SIGN_IDENTITY = "-";
				COMBINE_HIDPI_IMAGES = YES;
				INFOPLIST_FILE = "DuckDate-macOS/Info.plist";
				LD_RUNPATH_SEARCH_PATHS = "$(inherited) @executable_path/../Frameworks";
				PRODUCT_BUNDLE_IDENTIFIER = "academy.appdev.DuckDate-macOS";
				PRODUCT_NAME = "$(TARGET_NAME)";
				SDKROOT = macosx;
				SWIFT_VERSION = 3.0;
			};
			name = Release;
		};
/* End XCBuildConfiguration section */

/* Begin XCConfigurationList section */
		607FACCB1AFB9204008FA782 /* Build configuration list for PBXProject "DuckDate" */ = {
			isa = XCConfigurationList;
			buildConfigurations = (
				607FACED1AFB9204008FA782 /* Debug */,
				607FACEE1AFB9204008FA782 /* Release */,
			);
			defaultConfigurationIsVisible = 0;
			defaultConfigurationName = Release;
		};
		607FACEF1AFB9204008FA782 /* Build configuration list for PBXNativeTarget "DuckDate-iOS" */ = {
			isa = XCConfigurationList;
			buildConfigurations = (
				607FACF01AFB9204008FA782 /* Debug */,
				607FACF11AFB9204008FA782 /* Release */,
			);
			defaultConfigurationIsVisible = 0;
			defaultConfigurationName = Release;
		};
		607FACF21AFB9204008FA782 /* Build configuration list for PBXNativeTarget "DuckDate-Tests" */ = {
			isa = XCConfigurationList;
			buildConfigurations = (
				607FACF31AFB9204008FA782 /* Debug */,
				607FACF41AFB9204008FA782 /* Release */,
			);
			defaultConfigurationIsVisible = 0;
			defaultConfigurationName = Release;
		};
		B4E89B721D88110E00A3406F /* Build configuration list for PBXNativeTarget "DuckDate-macOS" */ = {
			isa = XCConfigurationList;
			buildConfigurations = (
				B4E89B731D88110E00A3406F /* Debug */,
				B4E89B741D88110E00A3406F /* Release */,
			);
			defaultConfigurationIsVisible = 0;
			defaultConfigurationName = Release;
		};
/* End XCConfigurationList section */
	};
	rootObject = 607FACC81AFB9204008FA782 /* Project object */;
}
